
Microsoft Visual Studio Solution File, Format Version 12.00
# Visual Studio 15
VisualStudioVersion = 15.0.26730.10
MinimumVisualStudioVersion = 10.0.40219.1
Project("{FAE04EC0-301F-11D3-BF4B-00C04F79EFBC}") = "EwingInventory", "EwingInventory\EwingInventory.csproj", "{1CACED0F-E1F0-41D2-B69D-F39065667017}"
EndProject
Project("{2150E333-8FDC-42A3-9474-1A3956D46DE8}") = "Solution Items", "Solution Items", "{E4B621E2-3F2C-4286-9AB4-8F819F07E98E}"
	ProjectSection(SolutionItems) = preProject
		..\Shafan\EwingInventory\EwingInventory\Settings.cs = ..\Shafan\EwingInventory\EwingInventory\Settings.cs
		..\Shafan\EwingInventory\EwingInventory\Settings.Designer.cs = ..\Shafan\EwingInventory\EwingInventory\Settings.Designer.cs
		..\Shafan\EwingInventory\EwingInventory\Settings.resx = ..\Shafan\EwingInventory\EwingInventory\Settings.resx
		..\Shafan\EwingInventory\EwingInventory\UserMgnt.cs = ..\Shafan\EwingInventory\EwingInventory\UserMgnt.cs
		..\Shafan\EwingInventory\EwingInventory\UserMgnt.Designer.cs = ..\Shafan\EwingInventory\EwingInventory\UserMgnt.Designer.cs
		..\Shafan\EwingInventory\EwingInventory\UserMgnt.resx = ..\Shafan\EwingInventory\EwingInventory\UserMgnt.resx
	EndProjectSection
EndProject
Global
	GlobalSection(SolutionConfigurationPlatforms) = preSolution
		Debug|Any CPU = Debug|Any CPU
		Release|Any CPU = Release|Any CPU
	EndGlobalSection
	GlobalSection(ProjectConfigurationPlatforms) = postSolution
		{1CACED0F-E1F0-41D2-B69D-F39065667017}.Debug|Any CPU.ActiveCfg = Debug|Any CPU
		{1CACED0F-E1F0-41D2-B69D-F39065667017}.Debug|Any CPU.Build.0 = Debug|Any CPU
		{1CACED0F-E1F0-41D2-B69D-F39065667017}.Release|Any CPU.ActiveCfg = Release|Any CPU
		{1CACED0F-E1F0-41D2-B69D-F39065667017}.Release|Any CPU.Build.0 = Release|Any CPU
	EndGlobalSection
	GlobalSection(SolutionProperties) = preSolution
		HideSolutionNode = FALSE
	EndGlobalSection
	GlobalSection(ExtensibilityGlobals) = postSolution
		SolutionGuid = {2D3CE4CF-3C01-4BEC-8496-287AB9B2C0CE}
	EndGlobalSection
EndGlobal
